
Microsoft Visual Studio Solution File, Format Version 12.00
# Visual Studio Version 16
VisualStudioVersion = 16.0.30621.155
MinimumVisualStudioVersion = 10.0.40219.1
Project("{FAE04EC0-301F-11D3-BF4B-00C04F79EFBC}") = "ConsoleApp2", "ConsoleApp2\ConsoleApp2.csproj", "{DAACF48B-DF9F-4536-B4E6-D4C7FF4F3F22}"
EndProject
Global
	GlobalSection(SolutionConfigurationPlatforms) = preSolution
		Debug|Any CPU = Debug|Any CPU
		Release|Any CPU = Release|Any CPU
	EndGlobalSection
	GlobalSection(ProjectConfigurationPlatforms) = postSolution
		{DAACF48B-DF9F-4536-B4E6-D4C7FF4F3F22}.Debug|Any CPU.ActiveCfg = Debug|Any CPU
		{DAACF48B-DF9F-4536-B4E6-D4C7FF4F3F22}.Debug|Any CPU.Build.0 = Debug|Any CPU
		{DAACF48B-DF9F-4536-B4E6-D4C7FF4F3F22}.Release|Any CPU.ActiveCfg = Release|Any CPU
		{DAACF48B-DF9F-4536-B4E6-D4C7FF4F3F22}.Release|Any CPU.Build.0 = Release|Any CPU
	EndGlobalSection
	GlobalSection(SolutionProperties) = preSolution
		HideSolutionNode = FALSE
	EndGlobalSection
	GlobalSection(ExtensibilityGlobals) = postSolution
		SolutionGuid = {C3B1138E-9EC2-41EB-8FCB-E0006D813118}
	EndGlobalSection
EndGlobal
